
Microsoft Visual Studio Solution File, Format Version 12.00
# Visual Studio Version 17
VisualStudioVersion = 17.0.31903.59
MinimumVisualStudioVersion = 10.0.40219.1
Project("{2150E333-8FDC-42A3-9474-1A3956D46DE8}") = "src", "src", "{827E0CD3-B72D-47B6-A68D-7590B98EB39B}"
EndProject
Project("{2150E333-8FDC-42A3-9474-1A3956D46DE8}") = "Payments", "Payments", "{FF0E3929-CBDF-D101-A636-4697F11DEC78}"
EndProject
Project("{FAE04EC0-301F-11D3-BF4B-00C04F79EFBC}") = "Payments.Api", "src\Payments\Payments.Api\Payments.Api.csproj", "{87BE4FCF-E302-4B12-ACF4-FB152AAA40DC}"
EndProject
Project("{FAE04EC0-301F-11D3-BF4B-00C04F79EFBC}") = "Payments.Application", "src\Payments\Payments.Application\Payments.Application.csproj", "{3A7EA264-4D43-4331-BD5B-D52243873879}"
EndProject
Project("{FAE04EC0-301F-11D3-BF4B-00C04F79EFBC}") = "Payments.Domain", "src\Payments\Payments.Domain\Payments.Domain.csproj", "{9B57596A-A6DA-459D-A6FB-0506D02CCFEB}"
EndProject
Project("{FAE04EC0-301F-11D3-BF4B-00C04F79EFBC}") = "Payments.Infrastructure", "src\Payments\Payments.Infrastructure\Payments.Infrastructure.csproj", "{8B31BB5E-870F-41AB-A23A-9FE4003B6BD5}"
EndProject
Project("{FAE04EC0-301F-11D3-BF4B-00C04F79EFBC}") = "BuildingBlocks", "src\BuildingBlocks\BuildingBlocks.csproj", "{C918F5B6-8D00-4C90-8EBF-2A84EFA09E60}"
EndProject
Project("{2150E333-8FDC-42A3-9474-1A3956D46DE8}") = "Routing", "Routing", "{AE792803-76C2-6866-172F-8378C8B18E4C}"
EndProject
Project("{FAE04EC0-301F-11D3-BF4B-00C04F79EFBC}") = "Routing.Engine.Api", "src\Routing\Routing.Engine.Api\Routing.Engine.Api.csproj", "{02BE8A90-7BD5-4141-98E0-60D91E36A87B}"
EndProject
Project("{FAE04EC0-301F-11D3-BF4B-00C04F79EFBC}") = "Routing.Engine.Application", "src\Routing\Routing.Engine.Application\Routing.Engine.Application.csproj", "{9B3CE358-D20B-4F7C-95D3-A490B3A5BDF2}"
EndProject
Project("{FAE04EC0-301F-11D3-BF4B-00C04F79EFBC}") = "Routing.Engine.Domain", "src\Routing\Routing.Engine.Domain\Routing.Engine.Domain.csproj", "{E0F21F3A-B50E-4219-8710-95132B26FDF6}"
EndProject
Project("{FAE04EC0-301F-11D3-BF4B-00C04F79EFBC}") = "Routing.Engine.Infrastructure", "src\Routing\Routing.Engine.Infrastructure\Routing.Engine.Infrastructure.csproj", "{84B8F375-293F-4553-BEC4-79DF5CE93A30}"
EndProject
Project("{2150E333-8FDC-42A3-9474-1A3956D46DE8}") = "Providers", "Providers", "{4158EF5F-2C93-D6F3-98CF-1EDBE6F18EA0}"
EndProject
Project("{FAE04EC0-301F-11D3-BF4B-00C04F79EFBC}") = "Providers.Fake.Adapter", "src\Providers\Providers.Fake.Adapter\Providers.Fake.Adapter.csproj", "{87713BEF-4EF2-49B8-A24F-32319712BD2C}"
EndProject
Project("{FAE04EC0-301F-11D3-BF4B-00C04F79EFBC}") = "Providers.Fake.Infrastructure", "src\Providers\Providers.Fake.Infrastructure\Providers.Fake.Infrastructure.csproj", "{DB11D440-F1E5-4845-9EAE-62A3EFF57867}"
EndProject
Project("{2150E333-8FDC-42A3-9474-1A3956D46DE8}") = "Webhook", "Webhook", "{FD87E4D7-002E-A7B4-468E-A4833DF57C46}"
EndProject
Project("{FAE04EC0-301F-11D3-BF4B-00C04F79EFBC}") = "Webhook.Receiver.Api", "src\Webhook\Webhook.Receiver.Api\Webhook.Receiver.Api.csproj", "{67F36AB3-2AA1-4D50-927D-C8450DCFE134}"
EndProject
Project("{FAE04EC0-301F-11D3-BF4B-00C04F79EFBC}") = "Providers.Stripe.Adapter", "src\Providers\Providers.Stripe.Adapter\Providers.Stripe.Adapter.csproj", "{6D8AFE15-94D5-4244-AB2E-565C00504DC4}"
EndProject
Project("{FAE04EC0-301F-11D3-BF4B-00C04F79EFBC}") = "Providers.Stripe.Infrastructure", "src\Providers\Providers.Stripe.Infrastructure\Providers.Stripe.Infrastructure.csproj", "{04DE9C74-1AE7-4E1E-91EB-35D2F9A0EC66}"
EndProject
Global
	GlobalSection(SolutionConfigurationPlatforms) = preSolution
		Debug|Any CPU = Debug|Any CPU
		Debug|x64 = Debug|x64
		Debug|x86 = Debug|x86
		Release|Any CPU = Release|Any CPU
		Release|x64 = Release|x64
		Release|x86 = Release|x86
	EndGlobalSection
	GlobalSection(ProjectConfigurationPlatforms) = postSolution
		{87BE4FCF-E302-4B12-ACF4-FB152AAA40DC}.Debug|Any CPU.ActiveCfg = Debug|Any CPU
		{87BE4FCF-E302-4B12-ACF4-FB152AAA40DC}.Debug|Any CPU.Build.0 = Debug|Any CPU
		{87BE4FCF-E302-4B12-ACF4-FB152AAA40DC}.Debug|x64.ActiveCfg = Debug|Any CPU
		{87BE4FCF-E302-4B12-ACF4-FB152AAA40DC}.Debug|x64.Build.0 = Debug|Any CPU
		{87BE4FCF-E302-4B12-ACF4-FB152AAA40DC}.Debug|x86.ActiveCfg = Debug|Any CPU
		{87BE4FCF-E302-4B12-ACF4-FB152AAA40DC}.Debug|x86.Build.0 = Debug|Any CPU
		{87BE4FCF-E302-4B12-ACF4-FB152AAA40DC}.Release|Any CPU.ActiveCfg = Release|Any CPU
		{87BE4FCF-E302-4B12-ACF4-FB152AAA40DC}.Release|Any CPU.Build.0 = Release|Any CPU
		{87BE4FCF-E302-4B12-ACF4-FB152AAA40DC}.Release|x64.ActiveCfg = Release|Any CPU
		{87BE4FCF-E302-4B12-ACF4-FB152AAA40DC}.Release|x64.Build.0 = Release|Any CPU
		{87BE4FCF-E302-4B12-ACF4-FB152AAA40DC}.Release|x86.ActiveCfg = Release|Any CPU
		{87BE4FCF-E302-4B12-ACF4-FB152AAA40DC}.Release|x86.Build.0 = Release|Any CPU
		{3A7EA264-4D43-4331-BD5B-D52243873879}.Debug|Any CPU.ActiveCfg = Debug|Any CPU
		{3A7EA264-4D43-4331-BD5B-D52243873879}.Debug|Any CPU.Build.0 = Debug|Any CPU
		{3A7EA264-4D43-4331-BD5B-D52243873879}.Debug|x64.ActiveCfg = Debug|Any CPU
		{3A7EA264-4D43-4331-BD5B-D52243873879}.Debug|x64.Build.0 = Debug|Any CPU
		{3A7EA264-4D43-4331-BD5B-D52243873879}.Debug|x86.ActiveCfg = Debug|Any CPU
		{3A7EA264-4D43-4331-BD5B-D52243873879}.Debug|x86.Build.0 = Debug|Any CPU
		{3A7EA264-4D43-4331-BD5B-D52243873879}.Release|Any CPU.ActiveCfg = Release|Any CPU
		{3A7EA264-4D43-4331-BD5B-D52243873879}.Release|Any CPU.Build.0 = Release|Any CPU
		{3A7EA264-4D43-4331-BD5B-D52243873879}.Release|x64.ActiveCfg = Release|Any CPU
		{3A7EA264-4D43-4331-BD5B-D52243873879}.Release|x64.Build.0 = Release|Any CPU
		{3A7EA264-4D43-4331-BD5B-D52243873879}.Release|x86.ActiveCfg = Release|Any CPU
		{3A7EA264-4D43-4331-BD5B-D52243873879}.Release|x86.Build.0 = Release|Any CPU
		{9B57596A-A6DA-459D-A6FB-0506D02CCFEB}.Debug|Any CPU.ActiveCfg = Debug|Any CPU
		{9B57596A-A6DA-459D-A6FB-0506D02CCFEB}.Debug|Any CPU.Build.0 = Debug|Any CPU
		{9B57596A-A6DA-459D-A6FB-0506D02CCFEB}.Debug|x64.ActiveCfg = Debug|Any CPU
		{9B57596A-A6DA-459D-A6FB-0506D02CCFEB}.Debug|x64.Build.0 = Debug|Any CPU
		{9B57596A-A6DA-459D-A6FB-0506D02CCFEB}.Debug|x86.ActiveCfg = Debug|Any CPU
		{9B57596A-A6DA-459D-A6FB-0506D02CCFEB}.Debug|x86.Build.0 = Debug|Any CPU
		{9B57596A-A6DA-459D-A6FB-0506D02CCFEB}.Release|Any CPU.ActiveCfg = Release|Any CPU
		{9B57596A-A6DA-459D-A6FB-0506D02CCFEB}.Release|Any CPU.Build.0 = Release|Any CPU
		{9B57596A-A6DA-459D-A6FB-0506D02CCFEB}.Release|x64.ActiveCfg = Release|Any CPU
		{9B57596A-A6DA-459D-A6FB-0506D02CCFEB}.Release|x64.Build.0 = Release|Any CPU
		{9B57596A-A6DA-459D-A6FB-0506D02CCFEB}.Release|x86.ActiveCfg = Release|Any CPU
		{9B57596A-A6DA-459D-A6FB-0506D02CCFEB}.Release|x86.Build.0 = Release|Any CPU
		{8B31BB5E-870F-41AB-A23A-9FE4003B6BD5}.Debug|Any CPU.ActiveCfg = Debug|Any CPU
		{8B31BB5E-870F-41AB-A23A-9FE4003B6BD5}.Debug|Any CPU.Build.0 = Debug|Any CPU
		{8B31BB5E-870F-41AB-A23A-9FE4003B6BD5}.Debug|x64.ActiveCfg = Debug|Any CPU
		{8B31BB5E-870F-41AB-A23A-9FE4003B6BD5}.Debug|x64.Build.0 = Debug|Any CPU
		{8B31BB5E-870F-41AB-A23A-9FE4003B6BD5}.Debug|x86.ActiveCfg = Debug|Any CPU
		{8B31BB5E-870F-41AB-A23A-9FE4003B6BD5}.Debug|x86.Build.0 = Debug|Any CPU
		{8B31BB5E-870F-41AB-A23A-9FE4003B6BD5}.Release|Any CPU.ActiveCfg = Release|Any CPU
		{8B31BB5E-870F-41AB-A23A-9FE4003B6BD5}.Release|Any CPU.Build.0 = Release|Any CPU
		{8B31BB5E-870F-41AB-A23A-9FE4003B6BD5}.Release|x64.ActiveCfg = Release|Any CPU
		{8B31BB5E-870F-41AB-A23A-9FE4003B6BD5}.Release|x64.Build.0 = Release|Any CPU
		{8B31BB5E-870F-41AB-A23A-9FE4003B6BD5}.Release|x86.ActiveCfg = Release|Any CPU
		{8B31BB5E-870F-41AB-A23A-9FE4003B6BD5}.Release|x86.Build.0 = Release|Any CPU
		{C918F5B6-8D00-4C90-8EBF-2A84EFA09E60}.Debug|Any CPU.ActiveCfg = Debug|Any CPU
		{C918F5B6-8D00-4C90-8EBF-2A84EFA09E60}.Debug|Any CPU.Build.0 = Debug|Any CPU
		{C918F5B6-8D00-4C90-8EBF-2A84EFA09E60}.Debug|x64.ActiveCfg = Debug|Any CPU
		{C918F5B6-8D00-4C90-8EBF-2A84EFA09E60}.Debug|x64.Build.0 = Debug|Any CPU
		{C918F5B6-8D00-4C90-8EBF-2A84EFA09E60}.Debug|x86.ActiveCfg = Debug|Any CPU
		{C918F5B6-8D00-4C90-8EBF-2A84EFA09E60}.Debug|x86.Build.0 = Debug|Any CPU
		{C918F5B6-8D00-4C90-8EBF-2A84EFA09E60}.Release|Any CPU.ActiveCfg = Release|Any CPU
		{C918F5B6-8D00-4C90-8EBF-2A84EFA09E60}.Release|Any CPU.Build.0 = Release|Any CPU
		{C918F5B6-8D00-4C90-8EBF-2A84EFA09E60}.Release|x64.ActiveCfg = Release|Any CPU
		{C918F5B6-8D00-4C90-8EBF-2A84EFA09E60}.Release|x64.Build.0 = Release|Any CPU
		{C918F5B6-8D00-4C90-8EBF-2A84EFA09E60}.Release|x86.ActiveCfg = Release|Any CPU
		{C918F5B6-8D00-4C90-8EBF-2A84EFA09E60}.Release|x86.Build.0 = Release|Any CPU
		{02BE8A90-7BD5-4141-98E0-60D91E36A87B}.Debug|Any CPU.ActiveCfg = Debug|Any CPU
		{02BE8A90-7BD5-4141-98E0-60D91E36A87B}.Debug|Any CPU.Build.0 = Debug|Any CPU
		{02BE8A90-7BD5-4141-98E0-60D91E36A87B}.Debug|x64.ActiveCfg = Debug|Any CPU
		{02BE8A90-7BD5-4141-98E0-60D91E36A87B}.Debug|x64.Build.0 = Debug|Any CPU
		{02BE8A90-7BD5-4141-98E0-60D91E36A87B}.Debug|x86.ActiveCfg = Debug|Any CPU
		{02BE8A90-7BD5-4141-98E0-60D91E36A87B}.Debug|x86.Build.0 = Debug|Any CPU
		{02BE8A90-7BD5-4141-98E0-60D91E36A87B}.Release|Any CPU.ActiveCfg = Release|Any CPU
		{02BE8A90-7BD5-4141-98E0-60D91E36A87B}.Release|Any CPU.Build.0 = Release|Any CPU
		{02BE8A90-7BD5-4141-98E0-60D91E36A87B}.Release|x64.ActiveCfg = Release|Any CPU
		{02BE8A90-7BD5-4141-98E0-60D91E36A87B}.Release|x64.Build.0 = Release|Any CPU
		{02BE8A90-7BD5-4141-98E0-60D91E36A87B}.Release|x86.ActiveCfg = Release|Any CPU
		{02BE8A90-7BD5-4141-98E0-60D91E36A87B}.Release|x86.Build.0 = Release|Any CPU
		{9B3CE358-D20B-4F7C-95D3-A490B3A5BDF2}.Debug|Any CPU.ActiveCfg = Debug|Any CPU
		{9B3CE358-D20B-4F7C-95D3-A490B3A5BDF2}.Debug|Any CPU.Build.0 = Debug|Any CPU
		{9B3CE358-D20B-4F7C-95D3-A490B3A5BDF2}.Debug|x64.ActiveCfg = Debug|Any CPU
		{9B3CE358-D20B-4F7C-95D3-A490B3A5BDF2}.Debug|x64.Build.0 = Debug|Any CPU
		{9B3CE358-D20B-4F7C-95D3-A490B3A5BDF2}.Debug|x86.ActiveCfg = Debug|Any CPU
		{9B3CE358-D20B-4F7C-95D3-A490B3A5BDF2}.Debug|x86.Build.0 = Debug|Any CPU
		{9B3CE358-D20B-4F7C-95D3-A490B3A5BDF2}.Release|Any CPU.ActiveCfg = Release|Any CPU
		{9B3CE358-D20B-4F7C-95D3-A490B3A5BDF2}.Release|Any CPU.Build.0 = Release|Any CPU
		{9B3CE358-D20B-4F7C-95D3-A490B3A5BDF2}.Release|x64.ActiveCfg = Release|Any CPU
		{9B3CE358-D20B-4F7C-95D3-A490B3A5BDF2}.Release|x64.Build.0 = Release|Any CPU
		{9B3CE358-D20B-4F7C-95D3-A490B3A5BDF2}.Release|x86.ActiveCfg = Release|Any CPU
		{9B3CE358-D20B-4F7C-95D3-A490B3A5BDF2}.Release|x86.Build.0 = Release|Any CPU
		{E0F21F3A-B50E-4219-8710-95132B26FDF6}.Debug|Any CPU.ActiveCfg = Debug|Any CPU
		{E0F21F3A-B50E-4219-8710-95132B26FDF6}.Debug|Any CPU.Build.0 = Debug|Any CPU
		{E0F21F3A-B50E-4219-8710-95132B26FDF6}.Debug|x64.ActiveCfg = Debug|Any CPU
		{E0F21F3A-B50E-4219-8710-95132B26FDF6}.Debug|x64.Build.0 = Debug|Any CPU
		{E0F21F3A-B50E-4219-8710-95132B26FDF6}.Debug|x86.ActiveCfg = Debug|Any CPU
		{E0F21F3A-B50E-4219-8710-95132B26FDF6}.Debug|x86.Build.0 = Debug|Any CPU
		{E0F21F3A-B50E-4219-8710-95132B26FDF6}.Release|Any CPU.ActiveCfg = Release|Any CPU
		{E0F21F3A-B50E-4219-8710-95132B26FDF6}.Release|Any CPU.Build.0 = Release|Any CPU
		{E0F21F3A-B50E-4219-8710-95132B26FDF6}.Release|x64.ActiveCfg = Release|Any CPU
		{E0F21F3A-B50E-4219-8710-95132B26FDF6}.Release|x64.Build.0 = Release|Any CPU
		{E0F21F3A-B50E-4219-8710-95132B26FDF6}.Release|x86.ActiveCfg = Release|Any CPU
		{E0F21F3A-B50E-4219-8710-95132B26FDF6}.Release|x86.Build.0 = Release|Any CPU
		{84B8F375-293F-4553-BEC4-79DF5CE93A30}.Debug|Any CPU.ActiveCfg = Debug|Any CPU
		{84B8F375-293F-4553-BEC4-79DF5CE93A30}.Debug|Any CPU.Build.0 = Debug|Any CPU
		{84B8F375-293F-4553-BEC4-79DF5CE93A30}.Debug|x64.ActiveCfg = Debug|Any CPU
		{84B8F375-293F-4553-BEC4-79DF5CE93A30}.Debug|x64.Build.0 = Debug|Any CPU
		{84B8F375-293F-4553-BEC4-79DF5CE93A30}.Debug|x86.ActiveCfg = Debug|Any CPU
		{84B8F375-293F-4553-BEC4-79DF5CE93A30}.Debug|x86.Build.0 = Debug|Any CPU
		{84B8F375-293F-4553-BEC4-79DF5CE93A30}.Release|Any CPU.ActiveCfg = Release|Any CPU
		{84B8F375-293F-4553-BEC4-79DF5CE93A30}.Release|Any CPU.Build.0 = Release|Any CPU
		{84B8F375-293F-4553-BEC4-79DF5CE93A30}.Release|x64.ActiveCfg = Release|Any CPU
		{84B8F375-293F-4553-BEC4-79DF5CE93A30}.Release|x64.Build.0 = Release|Any CPU
		{84B8F375-293F-4553-BEC4-79DF5CE93A30}.Release|x86.ActiveCfg = Release|Any CPU
		{84B8F375-293F-4553-BEC4-79DF5CE93A30}.Release|x86.Build.0 = Release|Any CPU
		{87713BEF-4EF2-49B8-A24F-32319712BD2C}.Debug|Any CPU.ActiveCfg = Debug|Any CPU
		{87713BEF-4EF2-49B8-A24F-32319712BD2C}.Debug|Any CPU.Build.0 = Debug|Any CPU
		{87713BEF-4EF2-49B8-A24F-32319712BD2C}.Debug|x64.ActiveCfg = Debug|Any CPU
		{87713BEF-4EF2-49B8-A24F-32319712BD2C}.Debug|x64.Build.0 = Debug|Any CPU
		{87713BEF-4EF2-49B8-A24F-32319712BD2C}.Debug|x86.ActiveCfg = Debug|Any CPU
		{87713BEF-4EF2-49B8-A24F-32319712BD2C}.Debug|x86.Build.0 = Debug|Any CPU
		{87713BEF-4EF2-49B8-A24F-32319712BD2C}.Release|Any CPU.ActiveCfg = Release|Any CPU
		{87713BEF-4EF2-49B8-A24F-32319712BD2C}.Release|Any CPU.Build.0 = Release|Any CPU
		{87713BEF-4EF2-49B8-A24F-32319712BD2C}.Release|x64.ActiveCfg = Release|Any CPU
		{87713BEF-4EF2-49B8-A24F-32319712BD2C}.Release|x64.Build.0 = Release|Any CPU
		{87713BEF-4EF2-49B8-A24F-32319712BD2C}.Release|x86.ActiveCfg = Release|Any CPU
		{87713BEF-4EF2-49B8-A24F-32319712BD2C}.Release|x86.Build.0 = Release|Any CPU
		{DB11D440-F1E5-4845-9EAE-62A3EFF57867}.Debug|Any CPU.ActiveCfg = Debug|Any CPU
		{DB11D440-F1E5-4845-9EAE-62A3EFF57867}.Debug|Any CPU.Build.0 = Debug|Any CPU
		{DB11D440-F1E5-4845-9EAE-62A3EFF57867}.Debug|x64.ActiveCfg = Debug|Any CPU
		{DB11D440-F1E5-4845-9EAE-62A3EFF57867}.Debug|x64.Build.0 = Debug|Any CPU
		{DB11D440-F1E5-4845-9EAE-62A3EFF57867}.Debug|x86.ActiveCfg = Debug|Any CPU
		{DB11D440-F1E5-4845-9EAE-62A3EFF57867}.Debug|x86.Build.0 = Debug|Any CPU
		{DB11D440-F1E5-4845-9EAE-62A3EFF57867}.Release|Any CPU.ActiveCfg = Release|Any CPU
		{DB11D440-F1E5-4845-9EAE-62A3EFF57867}.Release|Any CPU.Build.0 = Release|Any CPU
		{DB11D440-F1E5-4845-9EAE-62A3EFF57867}.Release|x64.ActiveCfg = Release|Any CPU
		{DB11D440-F1E5-4845-9EAE-62A3EFF57867}.Release|x64.Build.0 = Release|Any CPU
		{DB11D440-F1E5-4845-9EAE-62A3EFF57867}.Release|x86.ActiveCfg = Release|Any CPU
		{DB11D440-F1E5-4845-9EAE-62A3EFF57867}.Release|x86.Build.0 = Release|Any CPU
		{67F36AB3-2AA1-4D50-927D-C8450DCFE134}.Debug|Any CPU.ActiveCfg = Debug|Any CPU
		{67F36AB3-2AA1-4D50-927D-C8450DCFE134}.Debug|Any CPU.Build.0 = Debug|Any CPU
		{67F36AB3-2AA1-4D50-927D-C8450DCFE134}.Debug|x64.ActiveCfg = Debug|Any CPU
		{67F36AB3-2AA1-4D50-927D-C8450DCFE134}.Debug|x64.Build.0 = Debug|Any CPU
		{67F36AB3-2AA1-4D50-927D-C8450DCFE134}.Debug|x86.ActiveCfg = Debug|Any CPU
		{67F36AB3-2AA1-4D50-927D-C8450DCFE134}.Debug|x86.Build.0 = Debug|Any CPU
		{67F36AB3-2AA1-4D50-927D-C8450DCFE134}.Release|Any CPU.ActiveCfg = Release|Any CPU
		{67F36AB3-2AA1-4D50-927D-C8450DCFE134}.Release|Any CPU.Build.0 = Release|Any CPU
		{67F36AB3-2AA1-4D50-927D-C8450DCFE134}.Release|x64.ActiveCfg = Release|Any CPU
		{67F36AB3-2AA1-4D50-927D-C8450DCFE134}.Release|x64.Build.0 = Release|Any CPU
		{67F36AB3-2AA1-4D50-927D-C8450DCFE134}.Release|x86.ActiveCfg = Release|Any CPU
		{67F36AB3-2AA1-4D50-927D-C8450DCFE134}.Release|x86.Build.0 = Release|Any CPU
		{6D8AFE15-94D5-4244-AB2E-565C00504DC4}.Debug|Any CPU.ActiveCfg = Debug|Any CPU
		{6D8AFE15-94D5-4244-AB2E-565C00504DC4}.Debug|Any CPU.Build.0 = Debug|Any CPU
		{6D8AFE15-94D5-4244-AB2E-565C00504DC4}.Debug|x64.ActiveCfg = Debug|Any CPU
		{6D8AFE15-94D5-4244-AB2E-565C00504DC4}.Debug|x64.Build.0 = Debug|Any CPU
		{6D8AFE15-94D5-4244-AB2E-565C00504DC4}.Debug|x86.ActiveCfg = Debug|Any CPU
		{6D8AFE15-94D5-4244-AB2E-565C00504DC4}.Debug|x86.Build.0 = Debug|Any CPU
		{6D8AFE15-94D5-4244-AB2E-565C00504DC4}.Release|Any CPU.ActiveCfg = Release|Any CPU
		{6D8AFE15-94D5-4244-AB2E-565C00504DC4}.Release|Any CPU.Build.0 = Release|Any CPU
		{6D8AFE15-94D5-4244-AB2E-565C00504DC4}.Release|x64.ActiveCfg = Release|Any CPU
		{6D8AFE15-94D5-4244-AB2E-565C00504DC4}.Release|x64.Build.0 = Release|Any CPU
		{6D8AFE15-94D5-4244-AB2E-565C00504DC4}.Release|x86.ActiveCfg = Release|Any CPU
		{6D8AFE15-94D5-4244-AB2E-565C00504DC4}.Release|x86.Build.0 = Release|Any CPU
		{04DE9C74-1AE7-4E1E-91EB-35D2F9A0EC66}.Debug|Any CPU.ActiveCfg = Debug|Any CPU
		{04DE9C74-1AE7-4E1E-91EB-35D2F9A0EC66}.Debug|Any CPU.Build.0 = Debug|Any CPU
		{04DE9C74-1AE7-4E1E-91EB-35D2F9A0EC66}.Debug|x64.ActiveCfg = Debug|Any CPU
		{04DE9C74-1AE7-4E1E-91EB-35D2F9A0EC66}.Debug|x64.Build.0 = Debug|Any CPU
		{04DE9C74-1AE7-4E1E-91EB-35D2F9A0EC66}.Debug|x86.ActiveCfg = Debug|Any CPU
		{04DE9C74-1AE7-4E1E-91EB-35D2F9A0EC66}.Debug|x86.Build.0 = Debug|Any CPU
		{04DE9C74-1AE7-4E1E-91EB-35D2F9A0EC66}.Release|Any CPU.ActiveCfg = Release|Any CPU
		{04DE9C74-1AE7-4E1E-91EB-35D2F9A0EC66}.Release|Any CPU.Build.0 = Release|Any CPU
		{04DE9C74-1AE7-4E1E-91EB-35D2F9A0EC66}.Release|x64.ActiveCfg = Release|Any CPU
		{04DE9C74-1AE7-4E1E-91EB-35D2F9A0EC66}.Release|x64.Build.0 = Release|Any CPU
		{04DE9C74-1AE7-4E1E-91EB-35D2F9A0EC66}.Release|x86.ActiveCfg = Release|Any CPU
		{04DE9C74-1AE7-4E1E-91EB-35D2F9A0EC66}.Release|x86.Build.0 = Release|Any CPU
	EndGlobalSection
	GlobalSection(SolutionProperties) = preSolution
		HideSolutionNode = FALSE
	EndGlobalSection
	GlobalSection(NestedProjects) = preSolution
		{FF0E3929-CBDF-D101-A636-4697F11DEC78} = {827E0CD3-B72D-47B6-A68D-7590B98EB39B}
		{87BE4FCF-E302-4B12-ACF4-FB152AAA40DC} = {FF0E3929-CBDF-D101-A636-4697F11DEC78}
		{3A7EA264-4D43-4331-BD5B-D52243873879} = {FF0E3929-CBDF-D101-A636-4697F11DEC78}
		{9B57596A-A6DA-459D-A6FB-0506D02CCFEB} = {FF0E3929-CBDF-D101-A636-4697F11DEC78}
		{8B31BB5E-870F-41AB-A23A-9FE4003B6BD5} = {FF0E3929-CBDF-D101-A636-4697F11DEC78}
		{C918F5B6-8D00-4C90-8EBF-2A84EFA09E60} = {827E0CD3-B72D-47B6-A68D-7590B98EB39B}
		{AE792803-76C2-6866-172F-8378C8B18E4C} = {827E0CD3-B72D-47B6-A68D-7590B98EB39B}
		{02BE8A90-7BD5-4141-98E0-60D91E36A87B} = {AE792803-76C2-6866-172F-8378C8B18E4C}
		{9B3CE358-D20B-4F7C-95D3-A490B3A5BDF2} = {AE792803-76C2-6866-172F-8378C8B18E4C}
		{E0F21F3A-B50E-4219-8710-95132B26FDF6} = {AE792803-76C2-6866-172F-8378C8B18E4C}
		{84B8F375-293F-4553-BEC4-79DF5CE93A30} = {AE792803-76C2-6866-172F-8378C8B18E4C}
		{4158EF5F-2C93-D6F3-98CF-1EDBE6F18EA0} = {827E0CD3-B72D-47B6-A68D-7590B98EB39B}
		{87713BEF-4EF2-49B8-A24F-32319712BD2C} = {4158EF5F-2C93-D6F3-98CF-1EDBE6F18EA0}
		{DB11D440-F1E5-4845-9EAE-62A3EFF57867} = {4158EF5F-2C93-D6F3-98CF-1EDBE6F18EA0}
		{FD87E4D7-002E-A7B4-468E-A4833DF57C46} = {827E0CD3-B72D-47B6-A68D-7590B98EB39B}
		{67F36AB3-2AA1-4D50-927D-C8450DCFE134} = {FD87E4D7-002E-A7B4-468E-A4833DF57C46}
		{6D8AFE15-94D5-4244-AB2E-565C00504DC4} = {4158EF5F-2C93-D6F3-98CF-1EDBE6F18EA0}
		{04DE9C74-1AE7-4E1E-91EB-35D2F9A0EC66} = {4158EF5F-2C93-D6F3-98CF-1EDBE6F18EA0}
	EndGlobalSection
EndGlobal
